
Microsoft Visual Studio Solution File, Format Version 12.00
# Visual Studio 15
VisualStudioVersion = 15.0.28307.421
MinimumVisualStudioVersion = 10.0.40219.1
Project("{8BC9CEB8-8B4A-11D0-8D11-00A0C91BC942}") = "base64", "base64\base64.vcxproj", "{81082824-58AA-4ECE-B21A-990AEB13B59C}"
EndProject
Project("{8BC9CEB8-8B4A-11D0-8D11-00A0C91BC942}") = "base64CLI", "base64CLI\base64CLI.vcxproj", "{66E00135-B74C-43DF-B019-7B92C08B9996}"
EndProject
Global
	GlobalSection(SolutionConfigurationPlatforms) = preSolution
		Debug|x64 = Debug|x64
		Debug|x86 = Debug|x86
		Release|x64 = Release|x64
		Release|x86 = Release|x86
	EndGlobalSection
	GlobalSection(ProjectConfigurationPlatforms) = postSolution
		{81082824-58AA-4ECE-B21A-990AEB13B59C}.Debug|x64.ActiveCfg = Debug|x64
		{81082824-58AA-4ECE-B21A-990AEB13B59C}.Debug|x64.Build.0 = Debug|x64
		{81082824-58AA-4ECE-B21A-990AEB13B59C}.Debug|x86.ActiveCfg = Debug|Win32
		{81082824-58AA-4ECE-B21A-990AEB13B59C}.Debug|x86.Build.0 = Debug|Win32
		{81082824-58AA-4ECE-B21A-990AEB13B59C}.Release|x64.ActiveCfg = Release|x64
		{81082824-58AA-4ECE-B21A-990AEB13B59C}.Release|x64.Build.0 = Release|x64
		{81082824-58AA-4ECE-B21A-990AEB13B59C}.Release|x86.ActiveCfg = Release|Win32
		{81082824-58AA-4ECE-B21A-990AEB13B59C}.Release|x86.Build.0 = Release|Win32
		{66E00135-B74C-43DF-B019-7B92C08B9996}.Debug|x64.ActiveCfg = Debug|x64
		{66E00135-B74C-43DF-B019-7B92C08B9996}.Debug|x64.Build.0 = Debug|x64
		{66E00135-B74C-43DF-B019-7B92C08B9996}.Debug|x86.ActiveCfg = Debug|Win32
		{66E00135-B74C-43DF-B019-7B92C08B9996}.Debug|x86.Build.0 = Debug|Win32
		{66E00135-B74C-43DF-B019-7B92C08B9996}.Release|x64.ActiveCfg = Release|x64
		{66E00135-B74C-43DF-B019-7B92C08B9996}.Release|x64.Build.0 = Release|x64
		{66E00135-B74C-43DF-B019-7B92C08B9996}.Release|x86.ActiveCfg = Release|Win32
		{66E00135-B74C-43DF-B019-7B92C08B9996}.Release|x86.Build.0 = Release|Win32
	EndGlobalSection
	GlobalSection(SolutionProperties) = preSolution
		HideSolutionNode = FALSE
	EndGlobalSection
	GlobalSection(ExtensibilityGlobals) = postSolution
		SolutionGuid = {282A48ED-560F-424F-84DF-4F1AF0F3F11F}
	EndGlobalSection
EndGlobal
